PODS:
  - boost-for-react-native (1.63.0)
  - DoubleConversion (1.1.6)
  - FBLazyVector (1000.0.0)
  - FBReactNativeSpec (1000.0.0):
    - Folly (= 2020.01.13.00)
    - RCTRequired (= 1000.0.0)
    - RCTTypeSafety (= 1000.0.0)
    - React-Core (= 1000.0.0)
    - React-jsi (= 1000.0.0)
    - ReactCommon/turbomodule/core (= 1000.0.0)
  - Folly (2020.01.13.00):
    - boost-for-react-native
    - DoubleConversion
    - Folly/Default (= 2020.01.13.00)
    - glog
  - Folly/Default (2020.01.13.00):
    - boost-for-react-native
    - DoubleConversion
    - glog
  - Fuzi (3.1.2)
  - GCDWebServer (3.5.4):
    - GCDWebServer/Core (= 3.5.4)
  - GCDWebServer/Core (3.5.4)
  - glog (0.3.5)
  - ObjcExceptionBridging (1.0.1):
    - ObjcExceptionBridging/ObjcExceptionBridging (= 1.0.1)
  - ObjcExceptionBridging/ObjcExceptionBridging (1.0.1)
  - RCTRequired (1000.0.0)
  - RCTTypeSafety (1000.0.0):
    - FBLazyVector (= 1000.0.0)
    - Folly (= 2020.01.13.00)
    - RCTRequired (= 1000.0.0)
    - React-Core (= 1000.0.0)
  - React (1000.0.0):
    - React-Core (= 1000.0.0)
    - React-Core/DevSupport (= 1000.0.0)
    - React-Core/RCTWebSocket (= 1000.0.0)
    - React-RCTActionSheet (= 1000.0.0)
    - React-RCTAnimation (= 1000.0.0)
    - React-RCTBlob (= 1000.0.0)
    - React-RCTImage (= 1000.0.0)
    - React-RCTLinking (= 1000.0.0)
    - React-RCTNetwork (= 1000.0.0)
    - React-RCTSettings (= 1000.0.0)
    - React-RCTText (= 1000.0.0)
    - React-RCTVibration (= 1000.0.0)
  - React-callinvoker (1000.0.0)
  - React-Core (1000.0.0):
    - Folly (= 2020.01.13.00)
    - glog
    - React-Core/Default (= 1000.0.0)
    - React-cxxreact (= 1000.0.0)
    - React-jsi (= 1000.0.0)
    - React-jsiexecutor (= 1000.0.0)
    - React-perflogger (= 1000.0.0)
    - Yoga
  - React-Core/CoreModulesHeaders (1000.0.0):
    - Folly (= 2020.01.13.00)
    - glog
    - React-Core/Default
    - React-cxxreact (= 1000.0.0)
    - React-jsi (= 1000.0.0)
    - React-jsiexecutor (= 1000.0.0)
    - React-perflogger (= 1000.0.0)
    - Yoga
  - React-Core/Default (1000.0.0):
    - Folly (= 2020.01.13.00)
    - glog
    - React-cxxreact (= 1000.0.0)
    - React-jsi (= 1000.0.0)
    - React-jsiexecutor (= 1000.0.0)
    - React-perflogger (= 1000.0.0)
    - Yoga
  - React-Core/DevSupport (1000.0.0):
    - Folly (= 2020.01.13.00)
    - glog
    - React-Core/Default (= 1000.0.0)
    - React-Core/RCTWebSocket (= 1000.0.0)
    - React-cxxreact (= 1000.0.0)
    - React-jsi (= 1000.0.0)
    - React-jsiexecutor (= 1000.0.0)
    - React-jsinspector (= 1000.0.0)
    - React-perflogger (= 1000.0.0)
    - Yoga
  - React-Core/RCTActionSheetHeaders (1000.0.0):
    - Folly (= 2020.01.13.00)
    - glog
    - React-Core/Default
    - React-cxxreact (= 1000.0.0)
    - React-jsi (= 1000.0.0)
    - React-jsiexecutor (= 1000.0.0)
    - React-perflogger (= 1000.0.0)
    - Yoga
  - React-Core/RCTAnimationHeaders (1000.0.0):
    - Folly (= 2020.01.13.00)
    - glog
    - React-Core/Default
    - React-cxxreact (= 1000.0.0)
    - React-jsi (= 1000.0.0)
    - React-jsiexecutor (= 1000.0.0)
    - React-perflogger (= 1000.0.0)
    - Yoga
  - React-Core/RCTBlobHeaders (1000.0.0):
    - Folly (= 2020.01.13.00)
    - glog
    - React-Core/Default
    - React-cxxreact (= 1000.0.0)
    - React-jsi (= 1000.0.0)
    - React-jsiexecutor (= 1000.0.0)
    - React-perflogger (= 1000.0.0)
    - Yoga
  - React-Core/RCTImageHeaders (1000.0.0):
    - Folly (= 2020.01.13.00)
    - glog
    - React-Core/Default
    - React-cxxreact (= 1000.0.0)
    - React-jsi (= 1000.0.0)
    - React-jsiexecutor (= 1000.0.0)
    - React-perflogger (= 1000.0.0)
    - Yoga
  - React-Core/RCTLinkingHeaders (1000.0.0):
    - Folly (= 2020.01.13.00)
    - glog
    - React-Core/Default
    - React-cxxreact (= 1000.0.0)
    - React-jsi (= 1000.0.0)
    - React-jsiexecutor (= 1000.0.0)
    - React-perflogger (= 1000.0.0)
    - Yoga
  - React-Core/RCTNetworkHeaders (1000.0.0):
    - Folly (= 2020.01.13.00)
    - glog
    - React-Core/Default
    - React-cxxreact (= 1000.0.0)
    - React-jsi (= 1000.0.0)
    - React-jsiexecutor (= 1000.0.0)
    - React-perflogger (= 1000.0.0)
    - Yoga
  - React-Core/RCTSettingsHeaders (1000.0.0):
    - Folly (= 2020.01.13.00)
    - glog
    - React-Core/Default
    - React-cxxreact (= 1000.0.0)
    - React-jsi (= 1000.0.0)
    - React-jsiexecutor (= 1000.0.0)
    - React-perflogger (= 1000.0.0)
    - Yoga
  - React-Core/RCTTextHeaders (1000.0.0):
    - Folly (= 2020.01.13.00)
    - glog
    - React-Core/Default
    - React-cxxreact (= 1000.0.0)
    - React-jsi (= 1000.0.0)
    - React-jsiexecutor (= 1000.0.0)
    - React-perflogger (= 1000.0.0)
    - Yoga
  - React-Core/RCTVibrationHeaders (1000.0.0):
    - Folly (= 2020.01.13.00)
    - glog
    - React-Core/Default
    - React-cxxreact (= 1000.0.0)
    - React-jsi (= 1000.0.0)
    - React-jsiexecutor (= 1000.0.0)
    - React-perflogger (= 1000.0.0)
    - Yoga
  - React-Core/RCTWebSocket (1000.0.0):
    - Folly (= 2020.01.13.00)
    - glog
    - React-Core/Default (= 1000.0.0)
    - React-cxxreact (= 1000.0.0)
    - React-jsi (= 1000.0.0)
    - React-jsiexecutor (= 1000.0.0)
    - React-perflogger (= 1000.0.0)
    - Yoga
  - React-CoreModules (1000.0.0):
    - FBReactNativeSpec (= 1000.0.0)
    - Folly (= 2020.01.13.00)
    - RCTTypeSafety (= 1000.0.0)
    - React-Core/CoreModulesHeaders (= 1000.0.0)
    - React-jsi (= 1000.0.0)
    - React-RCTImage (= 1000.0.0)
    - ReactCommon/turbomodule/core (= 1000.0.0)
  - React-cxxreact (1000.0.0):
    - boost-for-react-native (= 1.63.0)
    - DoubleConversion
    - Folly (= 2020.01.13.00)
    - glog
    - React-callinvoker (= 1000.0.0)
    - React-jsi (= 1000.0.0)
    - React-jsinspector (= 1000.0.0)
    - React-perflogger (= 1000.0.0)
    - React-runtimeexecutor (= 1000.0.0)
  - React-jsi (1000.0.0):
    - boost-for-react-native (= 1.63.0)
    - DoubleConversion
    - Folly (= 2020.01.13.00)
    - glog
    - React-jsi/Default (= 1000.0.0)
  - React-jsi/Default (1000.0.0):
    - boost-for-react-native (= 1.63.0)
    - DoubleConversion
    - Folly (= 2020.01.13.00)
    - glog
  - React-jsiexecutor (1000.0.0):
    - DoubleConversion
    - Folly (= 2020.01.13.00)
    - glog
    - React-cxxreact (= 1000.0.0)
    - React-jsi (= 1000.0.0)
    - React-perflogger (= 1000.0.0)
  - React-jsinspector (1000.0.0)
  - react-native-netinfo (5.9.7):
    - React-Core
  - React-perflogger (1000.0.0)
  - React-RCTActionSheet (1000.0.0):
    - React-Core/RCTActionSheetHeaders (= 1000.0.0)
  - React-RCTAnimation (1000.0.0):
    - FBReactNativeSpec (= 1000.0.0)
    - Folly (= 2020.01.13.00)
    - RCTTypeSafety (= 1000.0.0)
    - React-Core/RCTAnimationHeaders (= 1000.0.0)
    - React-jsi (= 1000.0.0)
    - ReactCommon/turbomodule/core (= 1000.0.0)
  - React-RCTBlob (1000.0.0):
    - FBReactNativeSpec (= 1000.0.0)
    - Folly (= 2020.01.13.00)
    - React-Core/RCTBlobHeaders (= 1000.0.0)
    - React-Core/RCTWebSocket (= 1000.0.0)
    - React-jsi (= 1000.0.0)
    - React-RCTNetwork (= 1000.0.0)
    - ReactCommon/turbomodule/core (= 1000.0.0)
  - React-RCTImage (1000.0.0):
    - FBReactNativeSpec (= 1000.0.0)
    - Folly (= 2020.01.13.00)
    - RCTTypeSafety (= 1000.0.0)
    - React-Core/RCTImageHeaders (= 1000.0.0)
    - React-jsi (= 1000.0.0)
    - React-RCTNetwork (= 1000.0.0)
    - ReactCommon/turbomodule/core (= 1000.0.0)
  - React-RCTLinking (1000.0.0):
    - FBReactNativeSpec (= 1000.0.0)
    - React-Core/RCTLinkingHeaders (= 1000.0.0)
    - React-jsi (= 1000.0.0)
    - ReactCommon/turbomodule/core (= 1000.0.0)
  - React-RCTNetwork (1000.0.0):
    - FBReactNativeSpec (= 1000.0.0)
    - Folly (= 2020.01.13.00)
    - RCTTypeSafety (= 1000.0.0)
    - React-Core/RCTNetworkHeaders (= 1000.0.0)
    - React-jsi (= 1000.0.0)
    - ReactCommon/turbomodule/core (= 1000.0.0)
  - React-RCTSettings (1000.0.0):
    - FBReactNativeSpec (= 1000.0.0)
    - Folly (= 2020.01.13.00)
    - RCTTypeSafety (= 1000.0.0)
    - React-Core/RCTSettingsHeaders (= 1000.0.0)
    - React-jsi (= 1000.0.0)
    - ReactCommon/turbomodule/core (= 1000.0.0)
  - React-RCTText (1000.0.0):
    - React-Core/RCTTextHeaders (= 1000.0.0)
  - React-RCTVibration (1000.0.0):
    - FBReactNativeSpec (= 1000.0.0)
    - Folly (= 2020.01.13.00)
    - React-Core/RCTVibrationHeaders (= 1000.0.0)
    - React-jsi (= 1000.0.0)
    - ReactCommon/turbomodule/core (= 1000.0.0)
  - React-runtimeexecutor (1000.0.0):
    - React-jsi (= 1000.0.0)
  - ReactCommon/turbomodule/core (1000.0.0):
    - DoubleConversion
    - Folly (= 2020.01.13.00)
    - glog
    - React-callinvoker (= 1000.0.0)
    - React-Core (= 1000.0.0)
    - React-cxxreact (= 1000.0.0)
    - React-jsi (= 1000.0.0)
    - React-perflogger (= 1000.0.0)
  - RNFS (2.16.6):
    - React-Core
  - RNSqlite2 (1.0.0):
    - React-Core
  - RNSVG (12.1.0):
    - React-Core
  - SDWebImage (5.8.1):
    - SDWebImage/Core (= 5.8.1)
  - SDWebImage/Core (5.8.1)
  - Sentry (4.3.1):
    - Sentry/Core (= 4.3.1)
  - Sentry/Core (4.3.1)
  - SnapKit (5.0.1)
  - SQLCipher (4.4.0):
    - SQLCipher/standard (= 4.4.0)
  - SQLCipher/common (4.4.0)
  - SQLCipher/standard (4.4.0):
    - SQLCipher/common
  - SwiftLint (0.39.2)
  - SwiftyJSON (5.0.0)
  - XCGLogger (7.0.1):
    - XCGLogger/Core (= 7.0.1)
  - XCGLogger/Core (7.0.1):
    - ObjcExceptionBridging
  - Yoga (1.14.0)

DEPENDENCIES:
  - DoubleConversion (from `node_modules/react-native/third-party-podspecs/DoubleConversion.podspec`)
  - FBLazyVector (from `node_modules/react-native/Libraries/FBLazyVector`)
  - FBReactNativeSpec (from `node_modules/react-native/Libraries/FBReactNativeSpec`)
  - Folly (from `node_modules/react-native/third-party-podspecs/Folly.podspec`)
  - Fuzi (~> 3.0)
  - GCDWebServer (~> 3.3)
  - glog (from `node_modules/react-native/third-party-podspecs/glog.podspec`)
  - RCTRequired (from `node_modules/react-native/Libraries/RCTRequired`)
  - RCTTypeSafety (from `node_modules/react-native/Libraries/TypeSafety`)
  - React (from `node_modules/react-native/`)
  - React-callinvoker (from `node_modules/react-native/ReactCommon/callinvoker`)
  - React-Core (from `node_modules/react-native/`)
  - React-Core/DevSupport (from `node_modules/react-native/`)
  - React-Core/RCTWebSocket (from `node_modules/react-native/`)
  - React-CoreModules (from `node_modules/react-native/React/CoreModules`)
  - React-cxxreact (from `node_modules/react-native/ReactCommon/cxxreact`)
  - React-jsi (from `node_modules/react-native/ReactCommon/jsi`)
  - React-jsiexecutor (from `node_modules/react-native/ReactCommon/jsiexecutor`)
  - React-jsinspector (from `node_modules/react-native/ReactCommon/jsinspector`)
  - "react-native-netinfo (from `node_modules/@react-native-community/netinfo`)"
  - React-perflogger (from `node_modules/react-native/ReactCommon/reactperflogger`)
  - React-RCTActionSheet (from `node_modules/react-native/Libraries/ActionSheetIOS`)
  - React-RCTAnimation (from `node_modules/react-native/Libraries/NativeAnimation`)
  - React-RCTBlob (from `node_modules/react-native/Libraries/Blob`)
  - React-RCTImage (from `node_modules/react-native/Libraries/Image`)
  - React-RCTLinking (from `node_modules/react-native/Libraries/LinkingIOS`)
  - React-RCTNetwork (from `node_modules/react-native/Libraries/Network`)
  - React-RCTSettings (from `node_modules/react-native/Libraries/Settings`)
  - React-RCTText (from `node_modules/react-native/Libraries/Text`)
  - React-RCTVibration (from `node_modules/react-native/Libraries/Vibration`)
  - React-runtimeexecutor (from `node_modules/react-native/ReactCommon/runtimeexecutor`)
  - ReactCommon/turbomodule/core (from `node_modules/react-native/ReactCommon`)
  - RNFS (from `node_modules/react-native-fs`)
  - RNSqlite2 (from `node_modules/react-native-sqlite-2`)
  - RNSVG (from `node_modules/react-native-svg`)
  - SDWebImage (~> 5.0)
  - Sentry (from `https://github.com/getsentry/sentry-cocoa.git`, tag `4.3.1`)
  - SnapKit (~> 5.0.0)
  - SQLCipher (~> 4.4.0)
  - SwiftLint
  - SwiftyJSON (~> 5.0)
  - XCGLogger (~> 7.0.0)
  - Yoga (from `node_modules/react-native/ReactCommon/yoga`)

SPEC REPOS:
  trunk:
    - boost-for-react-native
    - Fuzi
    - GCDWebServer
    - ObjcExceptionBridging
    - SDWebImage
    - SnapKit
    - SQLCipher
    - SwiftLint
    - SwiftyJSON
    - XCGLogger

EXTERNAL SOURCES:
  DoubleConversion:
    :podspec: node_modules/react-native/third-party-podspecs/DoubleConversion.podspec
  FBLazyVector:
    :path: node_modules/react-native/Libraries/FBLazyVector
  FBReactNativeSpec:
    :path: node_modules/react-native/Libraries/FBReactNativeSpec
  Folly:
    :podspec: node_modules/react-native/third-party-podspecs/Folly.podspec
  glog:
    :podspec: node_modules/react-native/third-party-podspecs/glog.podspec
  RCTRequired:
    :path: node_modules/react-native/Libraries/RCTRequired
  RCTTypeSafety:
    :path: node_modules/react-native/Libraries/TypeSafety
  React:
    :path: node_modules/react-native/
  React-callinvoker:
    :path: node_modules/react-native/ReactCommon/callinvoker
  React-Core:
    :path: node_modules/react-native/
  React-CoreModules:
    :path: node_modules/react-native/React/CoreModules
  React-cxxreact:
    :path: node_modules/react-native/ReactCommon/cxxreact
  React-jsi:
    :path: node_modules/react-native/ReactCommon/jsi
  React-jsiexecutor:
    :path: node_modules/react-native/ReactCommon/jsiexecutor
  React-jsinspector:
    :path: node_modules/react-native/ReactCommon/jsinspector
  react-native-netinfo:
    :path: "node_modules/@react-native-community/netinfo"
  React-perflogger:
    :path: node_modules/react-native/ReactCommon/reactperflogger
  React-RCTActionSheet:
    :path: node_modules/react-native/Libraries/ActionSheetIOS
  React-RCTAnimation:
    :path: node_modules/react-native/Libraries/NativeAnimation
  React-RCTBlob:
    :path: node_modules/react-native/Libraries/Blob
  React-RCTImage:
    :path: node_modules/react-native/Libraries/Image
  React-RCTLinking:
    :path: node_modules/react-native/Libraries/LinkingIOS
  React-RCTNetwork:
    :path: node_modules/react-native/Libraries/Network
  React-RCTSettings:
    :path: node_modules/react-native/Libraries/Settings
  React-RCTText:
    :path: node_modules/react-native/Libraries/Text
  React-RCTVibration:
    :path: node_modules/react-native/Libraries/Vibration
  React-runtimeexecutor:
    :path: node_modules/react-native/ReactCommon/runtimeexecutor
  ReactCommon:
    :path: node_modules/react-native/ReactCommon
  RNFS:
    :path: node_modules/react-native-fs
  RNSqlite2:
    :path: node_modules/react-native-sqlite-2
  RNSVG:
    :path: node_modules/react-native-svg
  Sentry:
    :git: https://github.com/getsentry/sentry-cocoa.git
    :tag: 4.3.1
  Yoga:
    :path: node_modules/react-native/ReactCommon/yoga

CHECKOUT OPTIONS:
  Sentry:
    :git: https://github.com/getsentry/sentry-cocoa.git
    :tag: 4.3.1

SPEC CHECKSUMS:
  boost-for-react-native: 39c7adb57c4e60d6c5479dd8623128eb5b3f0f2c
  DoubleConversion: cde416483dac037923206447da6e1454df403714
  FBLazyVector: 0b1e8af4c8c633679ddab219f4292ddec26aa93a
  FBReactNativeSpec: 4bbec45cd2a7b18d9aeb5ce65fefa8c2d892155c
  Folly: b73c3869541e86821df3c387eb0af5f65addfab4
  Fuzi: dba7215e52fb39dd7b1a62f69ede1e30edff0ae1
  GCDWebServer: 2c156a56c8226e2d5c0c3f208a3621ccffbe3ce4
  glog: 40a13f7840415b9a77023fbcae0f1e6f43192af3
  ObjcExceptionBridging: c30e00eb3700467e695faeea30e26e18bd445001
  RCTRequired: d6e06be0bcfb50fa563b4ab218668425a6838f7d
  RCTTypeSafety: d504fa6f28c7b81eecc934ba04851a6d03cc11d6
  React: 343dd6aac994e2d4589c2f4240ab20624a76c3f2
  React-callinvoker: cd173eccf92c0d7e93c379503c78163770dc14f3
  React-Core: bd2c34dcbe18ef9af7463cc5b7aff1e2f5f11a86
  React-CoreModules: 0280809ead0d825ed6f918f303325fe4a445d2c3
  React-cxxreact: dc8c5229150599980cfb51b2b63029036b31d235
  React-jsi: 996fae86b6a9b3783f4033f1901b6240f1e5dc57
  React-jsiexecutor: b908223f1b47ddc556013ef532c7b8abb085e43b
  React-jsinspector: b21ffae4da9d504def665b2bf20665149fd8fd68
  react-native-netinfo: 250dc0ca126512f618a8a2ca6a936577e1f66586
  React-perflogger: 0e60b22e23a7e2fddcee8b661edc01fc1dca8528
  React-RCTActionSheet: 0fc7b29a1f86619810884656929afa45af7a9380
  React-RCTAnimation: 79375ccf4c5e70e610df124eb6204969ddaf44eb
  React-RCTBlob: eebe05f2ce674e560c5b85f65b49cdf0a635da6d
  React-RCTImage: fe04e83a1d0943c55e60821380f79f4c3201a857
  React-RCTLinking: b3700764e0f8e7d4c7ca6158a55bf3dbc4a589de
  React-RCTNetwork: 2cc9a2a8e7ac42a0f2e79bd0c3c36d274e5a39c9
  React-RCTSettings: 1eb4de7d83744c361a3542c3d8cdbe0fa9fa0863
  React-RCTText: 65d42efbdcd0bcbc3f9ef83fe9c739f80eac2e23
  React-RCTVibration: 3f9859c991a3368d19c779b273e9c6659fcc7b94
  React-runtimeexecutor: de88d78d6f9f5dc72e4691cc1eacd1198a0c49a9
  ReactCommon: ed681dedb929ec8226be4d83ee0be8ed791d477f
  RNFS: 7161a36db9bbdaab96d91fff660820f94e29ca58
  RNSqlite2: aba98937d707abaf15d97f7bdeaf99335268c283
  RNSVG: 59dfa0b461f9e94136e1b1f3878da58a743d4795
  SDWebImage: e3eae2eda88578db0685a0c88597fdadd9433f05
  Sentry: 5267d493a398663538317e4dcc438c12c66202ed
  SnapKit: 97b92857e3df3a0c71833cce143274bf6ef8e5eb
  SQLCipher: e434ed542b24f38ea7b36468a13f9765e1b5c072
  SwiftLint: 22ccbbe3b8008684be5955693bab135e0ed6a447
  SwiftyJSON: 36413e04c44ee145039d332b4f4e2d3e8d6c4db7
  XCGLogger: 1943831ef907df55108b0b18657953f868de973b
  Yoga: 5aa27b48c0d5a8510a3ad163b445f0097bec3461

PODFILE CHECKSUM: 62f6ac6e7c594dea9efa4cbf8debe454c8b6ffa3

COCOAPODS: 1.10.0.rc.1
